
Microsoft Visual Studio Solution File, Format Version 12.00
# Visual Studio Version 17
VisualStudioVersion = 17.5.002.0
MinimumVisualStudioVersion = 10.0.40219.1
Project("{9A19103F-16F7-4668-BE54-9A1E7A4F7556}") = "astra-otoparts", "astra-otoparts.csproj", "{68F177F5-0DE7-49CB-9600-779269850CBB}"
EndProject
Global
	GlobalSection(SolutionConfigurationPlatforms) = preSolution
		Debug|Any CPU = Debug|Any CPU
		Release|Any CPU = Release|Any CPU
	EndGlobalSection
	GlobalSection(ProjectConfigurationPlatforms) = postSolution
		{68F177F5-0DE7-49CB-9600-779269850CBB}.Debug|Any CPU.ActiveCfg = Debug|Any CPU
		{68F177F5-0DE7-49CB-9600-779269850CBB}.Debug|Any CPU.Build.0 = Debug|Any CPU
		{68F177F5-0DE7-49CB-9600-779269850CBB}.Release|Any CPU.ActiveCfg = Release|Any CPU
		{68F177F5-0DE7-49CB-9600-779269850CBB}.Release|Any CPU.Build.0 = Release|Any CPU
	EndGlobalSection
	GlobalSection(SolutionProperties) = preSolution
		HideSolutionNode = FALSE
	EndGlobalSection
	GlobalSection(ExtensibilityGlobals) = postSolution
		SolutionGuid = {A0C9E02F-EFD5-4CD2-857C-117F26063459}
	EndGlobalSection
EndGlobal
